
Microsoft Visual Studio Solution File, Format Version 12.00
# Visual Studio 15
VisualStudioVersion = 15.0.27428.2015
MinimumVisualStudioVersion = 10.0.40219.1
Project("{FAE04EC0-301F-11D3-BF4B-00C04F79EFBC}") = "AbstractWorkModel", "AbstractShopModel\AbstractWorkModel.csproj", "{5EDCFAFA-0F3A-4810-8489-4D221A86AD1E}"
EndProject
Project("{FAE04EC0-301F-11D3-BF4B-00C04F79EFBC}") = "AbstractWorkService", "AbstractShopService\AbstractWorkService.csproj", "{2BC53217-7680-45D4-970E-944996E6AB2E}"
EndProject
Project("{FAE04EC0-301F-11D3-BF4B-00C04F79EFBC}") = "AbstractWorkView", "AbstractShopView\AbstractWorkView.csproj", "{92C588FB-347A-4D3F-948C-A08891347860}"
EndProject
Project("{FAE04EC0-301F-11D3-BF4B-00C04F79EFBC}") = "AbstractWorkRestApi", "AbstractWorkRestApi\AbstractWorkRestApi.csproj", "{169D809F-7E7D-4326-9F5A-7981F86BE4B7}"
EndProject
Global
	GlobalSection(SolutionConfigurationPlatforms) = preSolution
		Debug|Any CPU = Debug|Any CPU
		Release|Any CPU = Release|Any CPU
	EndGlobalSection
	GlobalSection(ProjectConfigurationPlatforms) = postSolution
		{5EDCFAFA-0F3A-4810-8489-4D221A86AD1E}.Debug|Any CPU.ActiveCfg = Debug|Any CPU
		{5EDCFAFA-0F3A-4810-8489-4D221A86AD1E}.Debug|Any CPU.Build.0 = Debug|Any CPU
		{5EDCFAFA-0F3A-4810-8489-4D221A86AD1E}.Release|Any CPU.ActiveCfg = Release|Any CPU
		{5EDCFAFA-0F3A-4810-8489-4D221A86AD1E}.Release|Any CPU.Build.0 = Release|Any CPU
		{2BC53217-7680-45D4-970E-944996E6AB2E}.Debug|Any CPU.ActiveCfg = Debug|Any CPU
		{2BC53217-7680-45D4-970E-944996E6AB2E}.Debug|Any CPU.Build.0 = Debug|Any CPU
		{2BC53217-7680-45D4-970E-944996E6AB2E}.Release|Any CPU.ActiveCfg = Release|Any CPU
		{2BC53217-7680-45D4-970E-944996E6AB2E}.Release|Any CPU.Build.0 = Release|Any CPU
		{92C588FB-347A-4D3F-948C-A08891347860}.Debug|Any CPU.ActiveCfg = Debug|Any CPU
		{92C588FB-347A-4D3F-948C-A08891347860}.Debug|Any CPU.Build.0 = Debug|Any CPU
		{92C588FB-347A-4D3F-948C-A08891347860}.Release|Any CPU.ActiveCfg = Release|Any CPU
		{92C588FB-347A-4D3F-948C-A08891347860}.Release|Any CPU.Build.0 = Release|Any CPU
		{169D809F-7E7D-4326-9F5A-7981F86BE4B7}.Debug|Any CPU.ActiveCfg = Debug|Any CPU
		{169D809F-7E7D-4326-9F5A-7981F86BE4B7}.Debug|Any CPU.Build.0 = Debug|Any CPU
		{169D809F-7E7D-4326-9F5A-7981F86BE4B7}.Release|Any CPU.ActiveCfg = Release|Any CPU
		{169D809F-7E7D-4326-9F5A-7981F86BE4B7}.Release|Any CPU.Build.0 = Release|Any CPU
	EndGlobalSection
	GlobalSection(SolutionProperties) = preSolution
		HideSolutionNode = FALSE
	EndGlobalSection
	GlobalSection(ExtensibilityGlobals) = postSolution
		SolutionGuid = {C7344E45-DFE1-4A0B-8AD5-43A6C7CCEAD4}
	EndGlobalSection
EndGlobal
